{
  "version": 1,
  "dependencies": {
    "net9.0": {
      "Microsoft.NET.Test.Sdk": {
        "type": "Direct",
        "requested": "[17.14.1, )",
        "resolved": "17.14.1",
        "contentHash": "HJKqKOE+vshXra2aEHpi2TlxYX7Z9VFYkr+E5rwEvHC8eIXiyO+K9kNm8vmNom3e2rA56WqxU+/N9NJlLGXsJQ==",
        "dependencies": {
          "Microsoft.CodeCoverage": "17.14.1",
          "Microsoft.TestPlatform.TestHost": "17.14.1"
        }
      },
      "xunit": {
        "type": "Direct",
        "requested": "[2.9.3, )",
        "resolved": "2.9.3",
        "contentHash": "TlXQBinK35LpOPKHAqbLY4xlEen9TBafjs0V5KnA4wZsoQLQJiirCR4CbIXvOH8NzkW4YeJKP5P/Bnrodm0h9Q==",
        "dependencies": {
          "xunit.analyzers": "1.18.0",
          "xunit.assert": "2.9.3",
          "xunit.core": "[2.9.3]"
        }
      },
      "xunit.runner.visualstudio": {
        "type": "Direct",
        "requested": "[3.1.3, )",
        "resolved": "3.1.3",
        "contentHash": "go7e81n/UI3LeNqoJIJ3thkS4JfJtiQnDbAxLh09JkJqoHthnfbLS5p68s4/Bm12B9umkoYSB5SaDr68hZNleg=="
      },
      "CommunityToolkit.Mvvm": {
        "type": "Transitive",
        "resolved": "8.4.0",
        "contentHash": "tqVU8yc/ADO9oiTRyTnwhFN68hCwvkliMierptWOudIAvWY1mWCh5VFh+guwHJmpMwfg0J0rY+yyd5Oy7ty9Uw=="
      },
      "Microsoft.AspNetCore.Connections.Abstractions": {
        "type": "Transitive",
        "resolved": "9.0.7",
        "contentHash": "D/5amxI2QDtH4M0sll5o9LhlDS5KL6SJgxFYx3WBcSNNn24YZ8aIaJ28B9gHIeFK+8opB9v89BceYu++WuRVTQ==",
        "dependencies": {
          "Microsoft.Extensions.Features": "9.0.7"
        }
      },
      "Microsoft.AspNetCore.Http.Connections.Client": {
        "type": "Transitive",
        "resolved": "9.0.7",
        "contentHash": "uRgdsagHfgVoMuJeJyQYtceOjajmmS4uQd7o5xNIWD06tG4JN3Fab2biF5m7NyjqthmqUvVxpmeRT1kg6Ggi0A==",
        "dependencies": {
          "Microsoft.AspNetCore.Http.Connections.Common": "9.0.7",
          "Microsoft.Extensions.Logging.Abstractions": "9.0.7",
          "Microsoft.Extensions.Options": "9.0.7",
          "System.Net.ServerSentEvents": "9.0.7"
        }
      },
      "Microsoft.AspNetCore.Http.Connections.Common": {
        "type": "Transitive",
        "resolved": "9.0.7",
        "contentHash": "BFePLV1cK5KPTT3HVM9lx78EVRzRfYOfKuO4bf98RyO56cxwEgbOT1LoSUKtmwVZwHQ7BmBl6vHDOSCYEl2LKw==",
        "dependencies": {
          "Microsoft.AspNetCore.Connections.Abstractions": "9.0.7"
        }
      },
      "Microsoft.AspNetCore.SignalR.Client": {
        "type": "Transitive",
        "resolved": "9.0.7",
        "contentHash": "nKQeLOKEAM9cCcxALRAl2nwFmwWZcsGZh9cVAgUpyJqQ5XOIMoWZwdXu+K6az88bH/wUpzX64ltj8MNJJqTxxA==",
        "dependencies": {
          "Microsoft.AspNetCore.Http.Connections.Client": "9.0.7",
          "Microsoft.AspNetCore.SignalR.Client.Core": "9.0.7"
        }
      },
      "Microsoft.AspNetCore.SignalR.Client.Core": {
        "type": "Transitive",
        "resolved": "9.0.7",
        "contentHash": "P8G3bq7aLT8eXRKS5ojI7zQUTh/buVQHZSjnJSGJJ06pFWs4dGWOHSlDkfUlJP90asKsiKMUqfmqgzFcSaVbGA==",
        "dependencies": {
          "Microsoft.AspNetCore.SignalR.Common": "9.0.7",
          "Microsoft.AspNetCore.SignalR.Protocols.Json": "9.0.7",
          "Microsoft.Extensions.DependencyInjection": "9.0.7",
          "Microsoft.Extensions.Logging": "9.0.7",
          "System.Threading.Channels": "9.0.7"
        }
      },
      "Microsoft.AspNetCore.SignalR.Common": {
        "type": "Transitive",
        "resolved": "9.0.7",
        "contentHash": "3VDOgFVkvPH/J6YIV/JPPTojA+zNNGyOZfH+nFqEDqc6kXWHEamrddlIeH0+u31rRa9Ie5CRoe6mLQndJjdRyQ==",
        "dependencies": {
          "Microsoft.AspNetCore.Connections.Abstractions": "9.0.7",
          "Microsoft.Extensions.Options": "9.0.7"
        }
      },
      "Microsoft.AspNetCore.SignalR.Protocols.Json": {
        "type": "Transitive",
        "resolved": "9.0.7",
        "contentHash": "lVAiUGn8AuMblcKp/OKL1dkISMH0awn/pMNtQ420l+8u9VROSGkJ5/C+FEajgM+1qCsJHbwPslNP6lYGJBo4OQ==",
        "dependencies": {
          "Microsoft.AspNetCore.SignalR.Common": "9.0.7"
        }
      },
      "Microsoft.CodeCoverage": {
        "type": "Transitive",
        "resolved": "17.14.1",
        "contentHash": "pmTrhfFIoplzFVbhVwUquT+77CbGH+h4/3mBpdmIlYtBi9nAB+kKI6dN3A/nV4DFi3wLLx/BlHIPK+MkbQ6Tpg=="
      },
      "Microsoft.Extensions.DependencyInjection": {
        "type": "Transitive",
        "resolved": "9.0.7",
        "contentHash": "i05AYA91vgq0as84ROVCyltD2gnxaba/f1Qw2rG7mUsS0gv8cPTr1Gm7jPQHq7JTr4MJoQUcanLVs16tIOUJaQ==",
        "dependencies": {
          "Microsoft.Extensions.DependencyInjection.Abstractions": "9.0.7"
        }
      },
      "Microsoft.Extensions.DependencyInjection.Abstractions": {
        "type": "Transitive",
        "resolved": "9.0.7",
        "contentHash": "iPK1FxbGFr2Xb+4Y+dTYI8Gupu9pOi8I3JPuPsrogUmEhe2hzZ9LpCmolMEBhVDo2ikcSr7G5zYiwaapHSQTew=="
      },
      "Microsoft.Extensions.Features": {
        "type": "Transitive",
        "resolved": "9.0.7",
        "contentHash": "6aCgOvUEoeuWvQIx5Wb0qYM7ZG9X3te2beHu85jvdW0eDTAw8NO9+zaaQ7aBDF6KvwQAAa/37mjDcJY3LI24Yw=="
      },
      "Microsoft.Extensions.Logging": {
        "type": "Transitive",
        "resolved": "9.0.7",
        "contentHash": "fdIeQpXYV8yxSWG03cCbU2Otdrq4NWuhnQLXokWLv3L9YcK055E7u8WFJvP+uuP4CFeCEoqZQL4yPcjuXhCZrg==",
        "dependencies": {
          "Microsoft.Extensions.DependencyInjection": "9.0.7",
          "Microsoft.Extensions.Logging.Abstractions": "9.0.7",
          "Microsoft.Extensions.Options": "9.0.7"
        }
      },
      "Microsoft.Extensions.Logging.Abstractions": {
        "type": "Transitive",
        "resolved": "9.0.7",
        "contentHash": "sMM6NEAdUTE/elJ2wqjOi0iBWqZmSyaTByLF9e8XHv6DRJFFnOe0N+s8Uc6C91E4SboQCfLswaBIZ+9ZXA98AA==",
        "dependencies": {
          "Microsoft.Extensions.DependencyInjection.Abstractions": "9.0.7"
        }
      },
      "Microsoft.Extensions.Options": {
        "type": "Transitive",
        "resolved": "9.0.7",
        "contentHash": "trJnF6cRWgR5uMmHpGoHmM1wOVFdIYlELlkO9zX+RfieK0321Y55zrcs4AaEymKup7dxgEN/uJU25CAcMNQRXw==",
        "dependencies": {
          "Microsoft.Extensions.DependencyInjection.Abstractions": "9.0.7",
          "Microsoft.Extensions.Primitives": "9.0.7"
        }
      },
      "Microsoft.Extensions.Primitives": {
        "type": "Transitive",
        "resolved": "9.0.7",
        "contentHash": "ti/zD9BuuO50IqlvhWQs9GHxkCmoph5BHjGiWKdg2t6Or8XoyAfRJiKag+uvd/fpASnNklfsB01WpZ4fhAe0VQ=="
      },
      "Microsoft.TestPlatform.ObjectModel": {
        "type": "Transitive",
        "resolved": "17.14.1",
        "contentHash": "xTP1W6Mi6SWmuxd3a+jj9G9UoC850WGwZUps1Wah9r1ZxgXhdJfj1QqDLJkFjHDCvN42qDL2Ps5KjQYWUU0zcQ==",
        "dependencies": {
          "System.Reflection.Metadata": "8.0.0"
        }
      },
      "Microsoft.TestPlatform.TestHost": {
        "type": "Transitive",
        "resolved": "17.14.1",
        "contentHash": "d78LPzGKkJwsJXAQwsbJJ7LE7D1wB+rAyhHHAaODF+RDSQ0NgMjDFkSA1Djw18VrxO76GlKAjRUhl+H8NL8Z+Q==",
        "dependencies": {
          "Microsoft.TestPlatform.ObjectModel": "17.14.1",
          "Newtonsoft.Json": "13.0.3"
        }
      },
      "Newtonsoft.Json": {
        "type": "Transitive",
        "resolved": "13.0.3",
        "contentHash": "HrC5BXdl00IP9zeV+0Z848QWPAoCr9P3bDEZguI+gkLcBKAOxix/tLEAAHC+UvDNPv4a2d18lOReHMOagPa+zQ=="
      },
      "System.Collections.Immutable": {
        "type": "Transitive",
        "resolved": "8.0.0",
        "contentHash": "AurL6Y5BA1WotzlEvVaIDpqzpIPvYnnldxru8oXJU2yFxFUy3+pNXjXd1ymO+RA0rq0+590Q8gaz2l3Sr7fmqg=="
      },
      "System.Net.ServerSentEvents": {
        "type": "Transitive",
        "resolved": "9.0.7",
        "contentHash": "fxRm3q7UWh7fibsd2a2NOcv9w1G6Z/YxYSu4+qiRH8wRXtIbn+3nNMs2J+pdCoCC9C3pDUTQYgwob6BiYb6V9w=="
      },
      "System.Reflection.Metadata": {
        "type": "Transitive",
        "resolved": "8.0.0",
        "contentHash": "ptvgrFh7PvWI8bcVqG5rsA/weWM09EnthFHR5SCnS6IN+P4mj6rE1lBDC4U8HL9/57htKAqy4KQ3bBj84cfYyQ==",
        "dependencies": {
          "System.Collections.Immutable": "8.0.0"
        }
      },
      "System.Text.Json": {
        "type": "Transitive",
        "resolved": "9.0.7",
        "contentHash": "u/lN2FEEXs3ghj2ta8tWA4r2MS9Yni07K7jDmnz8h1UPDf0lIIIEMkWx383Zz4fJjJio7gDl+00RYuQ/7R8ZQw=="
      },
      "System.Threading.Channels": {
        "type": "Transitive",
        "resolved": "9.0.7",
        "contentHash": "mkUpBpVVhSGJC45HXrA1BcDEwOsIG54kRmVMOYbdY+iXVBrYBu/awDAApXi6v/vrwx6TaF6cfg/yi7IRrV4eRQ=="
      },
      "TypeGen": {
        "type": "Transitive",
        "resolved": "7.0.0",
        "contentHash": "Wa75efpUNY/S16fQyjq0z96AL1JlqR6J76PjbRuSlI/1/YWEUN1HvUR9fZX69Qe4MDHDRK4Yn7NvbYmZXLMzaA=="
      },
      "xunit.abstractions": {
        "type": "Transitive",
        "resolved": "2.0.3",
        "contentHash": "pot1I4YOxlWjIb5jmwvvQNbTrZ3lJQ+jUGkGjWE3hEFM0l5gOnBWS+H3qsex68s5cO52g+44vpGzhAt+42vwKg=="
      },
      "xunit.analyzers": {
        "type": "Transitive",
        "resolved": "1.18.0",
        "contentHash": "OtFMHN8yqIcYP9wcVIgJrq01AfTxijjAqVDy/WeQVSyrDC1RzBWeQPztL49DN2syXRah8TYnfvk035s7L95EZQ=="
      },
      "xunit.assert": {
        "type": "Transitive",
        "resolved": "2.9.3",
        "contentHash": "/Kq28fCE7MjOV42YLVRAJzRF0WmEqsmflm0cfpMjGtzQ2lR5mYVj1/i0Y8uDAOLczkL3/jArrwehfMD0YogMAA=="
      },
      "xunit.core": {
        "type": "Transitive",
        "resolved": "2.9.3",
        "contentHash": "BiAEvqGvyme19wE0wTKdADH+NloYqikiU0mcnmiNyXaF9HyHmE6sr/3DC5vnBkgsWaE6yPyWszKSPSApWdRVeQ==",
        "dependencies": {
          "xunit.extensibility.core": "[2.9.3]",
          "xunit.extensibility.execution": "[2.9.3]"
        }
      },
      "xunit.extensibility.core": {
        "type": "Transitive",
        "resolved": "2.9.3",
        "contentHash": "kf3si0YTn2a8J8eZNb+zFpwfoyvIrQ7ivNk5ZYA5yuYk1bEtMe4DxJ2CF/qsRgmEnDr7MnW1mxylBaHTZ4qErA==",
        "dependencies": {
          "xunit.abstractions": "2.0.3"
        }
      },
      "xunit.extensibility.execution": {
        "type": "Transitive",
        "resolved": "2.9.3",
        "contentHash": "yMb6vMESlSrE3Wfj7V6cjQ3S4TXdXpRqYeNEI3zsX31uTsGMJjEw6oD5F5u1cHnMptjhEECnmZSsPxB6ChZHDQ==",
        "dependencies": {
          "xunit.extensibility.core": "[2.9.3]"
        }
      },
      "catan3.shared": {
        "type": "Project",
        "dependencies": {
          "CommunityToolkit.Mvvm": "[8.4.0, )",
          "Microsoft.AspNetCore.SignalR.Client": "[9.0.7, )",
          "Microsoft.AspNetCore.SignalR.Protocols.Json": "[9.0.7, )",
          "Microsoft.Extensions.Logging.Abstractions": "[9.0.7, )",
          "System.Text.Json": "[9.0.7, )",
          "TypeGen": "[7.0.0, )"
        }
      }
    }
  }
}