
Microsoft Visual Studio Solution File, Format Version 12.00
# Visual Studio Version 17
VisualStudioVersion = 17.9.34622.214
MinimumVisualStudioVersion = 10.0.40219.1
Project("{FAE04EC0-301F-11D3-BF4B-00C04F79EFBC}") = "Catan3.Shared", "Catan3.Shared\Catan3.Shared.csproj", "{DA34DB1D-D8A0-490F-90A2-6BD99A10257B}"
EndProject
Project("{FAE04EC0-301F-11D3-BF4B-00C04F79EFBC}") = "Catan3.GameService", "Catan3.GameService\Catan3.GameService.csproj", "{805C1381-8BB1-4EF7-B194-AE52C71AB075}"
EndProject
Project("{FAE04EC0-301F-11D3-BF4B-00C04F79EFBC}") = "Tests.GameService", "Tests\GameService\Tests.GameService.csproj", "{5D1A221A-7FEE-429D-BE47-0568DA591EDB}"
EndProject
Project("{FAE04EC0-301F-11D3-BF4B-00C04F79EFBC}") = "Tests.Shared", "Tests\Shared\Tests.Shared.csproj", "{96C9C56E-2C16-289E-32D4-E78DE94EEEC7}"
EndProject
Project("{FAE04EC0-301F-11D3-BF4B-00C04F79EFBC}") = "Catan Desktop", "DesktopApp\Catan Desktop.csproj", "{DBED3ED0-ADF4-9450-3BAA-FDFA25C4CF0B}"
EndProject
Project("{FAE04EC0-301F-11D3-BF4B-00C04F79EFBC}") = "Tests.DesktopApp.UI", "Tests\Desktop\Tests.DesktopApp.UI.csproj", "{8C9B1C2E-8A4F-4C76-8E88-EEE7C3EFA73B}"
EndProject
Project("{2150E333-8FDC-42A3-9474-1A3956D46DE8}") = "Solution Items", "Solution Items", "{8EC462FD-D22E-90A8-E5CE-7E832BA40C5D}"
	ProjectSection(SolutionItems) = preProject
		build.ps1 = build.ps1
		build_worker.ps1 = build_worker.ps1
		publish.ps1 = publish.ps1
		readme.md = readme.md
	EndProjectSection
EndProject
Project("{FAE04EC0-301F-11D3-BF4B-00C04F79EFBC}") = "Catan3.CLI", "Catan3.CLI\Catan3.CLI.csproj", "{14CC0188-C1CF-2F88-1ADE-89BC88389600}"
EndProject
Project("{2150E333-8FDC-42A3-9474-1A3956D46DE8}") = "WebUI", "WebUI", "{7E46470A-DE14-085D-F0DF-9D428E2CAD5E}"
EndProject
Project("{FAE04EC0-301F-11D3-BF4B-00C04F79EFBC}") = "Catan3.WebUI", "WebUI\Catan3.WebUI.csproj", "{601F34F3-D4EF-41E5-9CDF-1D77443EA3ED}"
EndProject
Global
	GlobalSection(SolutionConfigurationPlatforms) = preSolution
		Debug|Any CPU = Debug|Any CPU
		Debug|ARM64 = Debug|ARM64
		Debug|x64 = Debug|x64
		Debug|x86 = Debug|x86
		Release|Any CPU = Release|Any CPU
		Release|ARM64 = Release|ARM64
		Release|x64 = Release|x64
		Release|x86 = Release|x86
	EndGlobalSection
	GlobalSection(ProjectConfigurationPlatforms) = postSolution
		{DA34DB1D-D8A0-490F-90A2-6BD99A10257B}.Debug|Any CPU.ActiveCfg = Debug|Any CPU
		{DA34DB1D-D8A0-490F-90A2-6BD99A10257B}.Debug|Any CPU.Build.0 = Debug|Any CPU
		{DA34DB1D-D8A0-490F-90A2-6BD99A10257B}.Debug|ARM64.ActiveCfg = Debug|Any CPU
		{DA34DB1D-D8A0-490F-90A2-6BD99A10257B}.Debug|ARM64.Build.0 = Debug|Any CPU
		{DA34DB1D-D8A0-490F-90A2-6BD99A10257B}.Debug|x64.ActiveCfg = Debug|Any CPU
		{DA34DB1D-D8A0-490F-90A2-6BD99A10257B}.Debug|x64.Build.0 = Debug|Any CPU
		{DA34DB1D-D8A0-490F-90A2-6BD99A10257B}.Debug|x86.ActiveCfg = Debug|Any CPU
		{DA34DB1D-D8A0-490F-90A2-6BD99A10257B}.Debug|x86.Build.0 = Debug|Any CPU
		{DA34DB1D-D8A0-490F-90A2-6BD99A10257B}.Release|Any CPU.ActiveCfg = Release|Any CPU
		{DA34DB1D-D8A0-490F-90A2-6BD99A10257B}.Release|Any CPU.Build.0 = Release|Any CPU
		{DA34DB1D-D8A0-490F-90A2-6BD99A10257B}.Release|ARM64.ActiveCfg = Release|Any CPU
		{DA34DB1D-D8A0-490F-90A2-6BD99A10257B}.Release|ARM64.Build.0 = Release|Any CPU
		{DA34DB1D-D8A0-490F-90A2-6BD99A10257B}.Release|x64.ActiveCfg = Release|Any CPU
		{DA34DB1D-D8A0-490F-90A2-6BD99A10257B}.Release|x64.Build.0 = Release|Any CPU
		{DA34DB1D-D8A0-490F-90A2-6BD99A10257B}.Release|x86.ActiveCfg = Release|Any CPU
		{DA34DB1D-D8A0-490F-90A2-6BD99A10257B}.Release|x86.Build.0 = Release|Any CPU
		{805C1381-8BB1-4EF7-B194-AE52C71AB075}.Debug|Any CPU.ActiveCfg = Debug|Any CPU
		{805C1381-8BB1-4EF7-B194-AE52C71AB075}.Debug|Any CPU.Build.0 = Debug|Any CPU
		{805C1381-8BB1-4EF7-B194-AE52C71AB075}.Debug|ARM64.ActiveCfg = Debug|Any CPU
		{805C1381-8BB1-4EF7-B194-AE52C71AB075}.Debug|ARM64.Build.0 = Debug|Any CPU
		{805C1381-8BB1-4EF7-B194-AE52C71AB075}.Debug|x64.ActiveCfg = Debug|Any CPU
		{805C1381-8BB1-4EF7-B194-AE52C71AB075}.Debug|x64.Build.0 = Debug|Any CPU
		{805C1381-8BB1-4EF7-B194-AE52C71AB075}.Debug|x86.ActiveCfg = Debug|Any CPU
		{805C1381-8BB1-4EF7-B194-AE52C71AB075}.Debug|x86.Build.0 = Debug|Any CPU
		{805C1381-8BB1-4EF7-B194-AE52C71AB075}.Release|Any CPU.ActiveCfg = Release|Any CPU
		{805C1381-8BB1-4EF7-B194-AE52C71AB075}.Release|Any CPU.Build.0 = Release|Any CPU
		{805C1381-8BB1-4EF7-B194-AE52C71AB075}.Release|ARM64.ActiveCfg = Release|Any CPU
		{805C1381-8BB1-4EF7-B194-AE52C71AB075}.Release|ARM64.Build.0 = Release|Any CPU
		{805C1381-8BB1-4EF7-B194-AE52C71AB075}.Release|x64.ActiveCfg = Release|Any CPU
		{805C1381-8BB1-4EF7-B194-AE52C71AB075}.Release|x64.Build.0 = Release|Any CPU
		{805C1381-8BB1-4EF7-B194-AE52C71AB075}.Release|x86.ActiveCfg = Release|Any CPU
		{805C1381-8BB1-4EF7-B194-AE52C71AB075}.Release|x86.Build.0 = Release|Any CPU
		{5D1A221A-7FEE-429D-BE47-0568DA591EDB}.Debug|Any CPU.ActiveCfg = Debug|Any CPU
		{5D1A221A-7FEE-429D-BE47-0568DA591EDB}.Debug|Any CPU.Build.0 = Debug|Any CPU
		{5D1A221A-7FEE-429D-BE47-0568DA591EDB}.Debug|ARM64.ActiveCfg = Debug|Any CPU
		{5D1A221A-7FEE-429D-BE47-0568DA591EDB}.Debug|ARM64.Build.0 = Debug|Any CPU
		{5D1A221A-7FEE-429D-BE47-0568DA591EDB}.Debug|x64.ActiveCfg = Debug|Any CPU
		{5D1A221A-7FEE-429D-BE47-0568DA591EDB}.Debug|x64.Build.0 = Debug|Any CPU
		{5D1A221A-7FEE-429D-BE47-0568DA591EDB}.Debug|x86.ActiveCfg = Debug|Any CPU
		{5D1A221A-7FEE-429D-BE47-0568DA591EDB}.Debug|x86.Build.0 = Debug|Any CPU
		{5D1A221A-7FEE-429D-BE47-0568DA591EDB}.Release|Any CPU.ActiveCfg = Release|Any CPU
		{5D1A221A-7FEE-429D-BE47-0568DA591EDB}.Release|Any CPU.Build.0 = Release|Any CPU
		{5D1A221A-7FEE-429D-BE47-0568DA591EDB}.Release|ARM64.ActiveCfg = Release|Any CPU
		{5D1A221A-7FEE-429D-BE47-0568DA591EDB}.Release|ARM64.Build.0 = Release|Any CPU
		{5D1A221A-7FEE-429D-BE47-0568DA591EDB}.Release|x64.ActiveCfg = Release|Any CPU
		{5D1A221A-7FEE-429D-BE47-0568DA591EDB}.Release|x64.Build.0 = Release|Any CPU
		{5D1A221A-7FEE-429D-BE47-0568DA591EDB}.Release|x86.ActiveCfg = Release|Any CPU
		{5D1A221A-7FEE-429D-BE47-0568DA591EDB}.Release|x86.Build.0 = Release|Any CPU
		{96C9C56E-2C16-289E-32D4-E78DE94EEEC7}.Debug|Any CPU.ActiveCfg = Debug|Any CPU
		{96C9C56E-2C16-289E-32D4-E78DE94EEEC7}.Debug|Any CPU.Build.0 = Debug|Any CPU
		{96C9C56E-2C16-289E-32D4-E78DE94EEEC7}.Debug|ARM64.ActiveCfg = Debug|Any CPU
		{96C9C56E-2C16-289E-32D4-E78DE94EEEC7}.Debug|ARM64.Build.0 = Debug|Any CPU
		{96C9C56E-2C16-289E-32D4-E78DE94EEEC7}.Debug|x64.ActiveCfg = Debug|Any CPU
		{96C9C56E-2C16-289E-32D4-E78DE94EEEC7}.Debug|x64.Build.0 = Debug|Any CPU
		{96C9C56E-2C16-289E-32D4-E78DE94EEEC7}.Debug|x86.ActiveCfg = Debug|Any CPU
		{96C9C56E-2C16-289E-32D4-E78DE94EEEC7}.Debug|x86.Build.0 = Debug|Any CPU
		{96C9C56E-2C16-289E-32D4-E78DE94EEEC7}.Release|Any CPU.ActiveCfg = Release|Any CPU
		{96C9C56E-2C16-289E-32D4-E78DE94EEEC7}.Release|Any CPU.Build.0 = Release|Any CPU
		{96C9C56E-2C16-289E-32D4-E78DE94EEEC7}.Release|ARM64.ActiveCfg = Release|Any CPU
		{96C9C56E-2C16-289E-32D4-E78DE94EEEC7}.Release|ARM64.Build.0 = Release|Any CPU
		{96C9C56E-2C16-289E-32D4-E78DE94EEEC7}.Release|x64.ActiveCfg = Release|Any CPU
		{96C9C56E-2C16-289E-32D4-E78DE94EEEC7}.Release|x64.Build.0 = Release|Any CPU
		{96C9C56E-2C16-289E-32D4-E78DE94EEEC7}.Release|x86.ActiveCfg = Release|Any CPU
		{96C9C56E-2C16-289E-32D4-E78DE94EEEC7}.Release|x86.Build.0 = Release|Any CPU
		{DBED3ED0-ADF4-9450-3BAA-FDFA25C4CF0B}.Debug|Any CPU.ActiveCfg = Debug|x64
		{DBED3ED0-ADF4-9450-3BAA-FDFA25C4CF0B}.Debug|Any CPU.Build.0 = Debug|x64
		{DBED3ED0-ADF4-9450-3BAA-FDFA25C4CF0B}.Debug|Any CPU.Deploy.0 = Debug|x64
		{DBED3ED0-ADF4-9450-3BAA-FDFA25C4CF0B}.Debug|ARM64.ActiveCfg = Debug|ARM64
		{DBED3ED0-ADF4-9450-3BAA-FDFA25C4CF0B}.Debug|ARM64.Build.0 = Debug|ARM64
		{DBED3ED0-ADF4-9450-3BAA-FDFA25C4CF0B}.Debug|ARM64.Deploy.0 = Debug|ARM64
		{DBED3ED0-ADF4-9450-3BAA-FDFA25C4CF0B}.Debug|x64.ActiveCfg = Debug|x64
		{DBED3ED0-ADF4-9450-3BAA-FDFA25C4CF0B}.Debug|x64.Build.0 = Debug|x64
		{DBED3ED0-ADF4-9450-3BAA-FDFA25C4CF0B}.Debug|x64.Deploy.0 = Debug|x64
		{DBED3ED0-ADF4-9450-3BAA-FDFA25C4CF0B}.Debug|x86.ActiveCfg = Debug|x86
		{DBED3ED0-ADF4-9450-3BAA-FDFA25C4CF0B}.Debug|x86.Build.0 = Debug|x86
		{DBED3ED0-ADF4-9450-3BAA-FDFA25C4CF0B}.Debug|x86.Deploy.0 = Debug|x86
		{DBED3ED0-ADF4-9450-3BAA-FDFA25C4CF0B}.Release|Any CPU.ActiveCfg = Release|x64
		{DBED3ED0-ADF4-9450-3BAA-FDFA25C4CF0B}.Release|Any CPU.Build.0 = Release|x64
		{DBED3ED0-ADF4-9450-3BAA-FDFA25C4CF0B}.Release|Any CPU.Deploy.0 = Release|x64
		{DBED3ED0-ADF4-9450-3BAA-FDFA25C4CF0B}.Release|ARM64.ActiveCfg = Release|ARM64
		{DBED3ED0-ADF4-9450-3BAA-FDFA25C4CF0B}.Release|ARM64.Build.0 = Release|ARM64
		{DBED3ED0-ADF4-9450-3BAA-FDFA25C4CF0B}.Release|ARM64.Deploy.0 = Release|ARM64
		{DBED3ED0-ADF4-9450-3BAA-FDFA25C4CF0B}.Release|x64.ActiveCfg = Release|x64
		{DBED3ED0-ADF4-9450-3BAA-FDFA25C4CF0B}.Release|x64.Build.0 = Release|x64
		{DBED3ED0-ADF4-9450-3BAA-FDFA25C4CF0B}.Release|x64.Deploy.0 = Release|x64
		{DBED3ED0-ADF4-9450-3BAA-FDFA25C4CF0B}.Release|x86.ActiveCfg = Release|x86
		{DBED3ED0-ADF4-9450-3BAA-FDFA25C4CF0B}.Release|x86.Build.0 = Release|x86
		{DBED3ED0-ADF4-9450-3BAA-FDFA25C4CF0B}.Release|x86.Deploy.0 = Release|x86
		{8C9B1C2E-8A4F-4C76-8E88-EEE7C3EFA73B}.Debug|Any CPU.ActiveCfg = Debug|Any CPU
		{8C9B1C2E-8A4F-4C76-8E88-EEE7C3EFA73B}.Debug|Any CPU.Build.0 = Debug|Any CPU
		{8C9B1C2E-8A4F-4C76-8E88-EEE7C3EFA73B}.Debug|ARM64.ActiveCfg = Debug|Any CPU
		{8C9B1C2E-8A4F-4C76-8E88-EEE7C3EFA73B}.Debug|ARM64.Build.0 = Debug|Any CPU
		{8C9B1C2E-8A4F-4C76-8E88-EEE7C3EFA73B}.Debug|x64.ActiveCfg = Debug|Any CPU
		{8C9B1C2E-8A4F-4C76-8E88-EEE7C3EFA73B}.Debug|x64.Build.0 = Debug|Any CPU
		{8C9B1C2E-8A4F-4C76-8E88-EEE7C3EFA73B}.Debug|x86.ActiveCfg = Debug|Any CPU
		{8C9B1C2E-8A4F-4C76-8E88-EEE7C3EFA73B}.Debug|x86.Build.0 = Debug|Any CPU
		{8C9B1C2E-8A4F-4C76-8E88-EEE7C3EFA73B}.Release|Any CPU.ActiveCfg = Release|Any CPU
		{8C9B1C2E-8A4F-4C76-8E88-EEE7C3EFA73B}.Release|Any CPU.Build.0 = Release|Any CPU
		{8C9B1C2E-8A4F-4C76-8E88-EEE7C3EFA73B}.Release|ARM64.ActiveCfg = Release|Any CPU
		{8C9B1C2E-8A4F-4C76-8E88-EEE7C3EFA73B}.Release|ARM64.Build.0 = Release|Any CPU
		{8C9B1C2E-8A4F-4C76-8E88-EEE7C3EFA73B}.Release|x64.ActiveCfg = Release|Any CPU
		{8C9B1C2E-8A4F-4C76-8E88-EEE7C3EFA73B}.Release|x64.Build.0 = Release|Any CPU
		{8C9B1C2E-8A4F-4C76-8E88-EEE7C3EFA73B}.Release|x86.ActiveCfg = Release|Any CPU
		{8C9B1C2E-8A4F-4C76-8E88-EEE7C3EFA73B}.Release|x86.Build.0 = Release|Any CPU
		{14CC0188-C1CF-2F88-1ADE-89BC88389600}.Debug|Any CPU.ActiveCfg = Debug|Any CPU
		{14CC0188-C1CF-2F88-1ADE-89BC88389600}.Debug|Any CPU.Build.0 = Debug|Any CPU
		{14CC0188-C1CF-2F88-1ADE-89BC88389600}.Debug|ARM64.ActiveCfg = Debug|Any CPU
		{14CC0188-C1CF-2F88-1ADE-89BC88389600}.Debug|ARM64.Build.0 = Debug|Any CPU
		{14CC0188-C1CF-2F88-1ADE-89BC88389600}.Debug|x64.ActiveCfg = Debug|Any CPU
		{14CC0188-C1CF-2F88-1ADE-89BC88389600}.Debug|x64.Build.0 = Debug|Any CPU
		{14CC0188-C1CF-2F88-1ADE-89BC88389600}.Debug|x86.ActiveCfg = Debug|Any CPU
		{14CC0188-C1CF-2F88-1ADE-89BC88389600}.Debug|x86.Build.0 = Debug|Any CPU
		{14CC0188-C1CF-2F88-1ADE-89BC88389600}.Release|Any CPU.ActiveCfg = Release|Any CPU
		{14CC0188-C1CF-2F88-1ADE-89BC88389600}.Release|Any CPU.Build.0 = Release|Any CPU
		{14CC0188-C1CF-2F88-1ADE-89BC88389600}.Release|ARM64.ActiveCfg = Release|Any CPU
		{14CC0188-C1CF-2F88-1ADE-89BC88389600}.Release|ARM64.Build.0 = Release|Any CPU
		{14CC0188-C1CF-2F88-1ADE-89BC88389600}.Release|x64.ActiveCfg = Release|Any CPU
		{14CC0188-C1CF-2F88-1ADE-89BC88389600}.Release|x64.Build.0 = Release|Any CPU
		{14CC0188-C1CF-2F88-1ADE-89BC88389600}.Release|x86.ActiveCfg = Release|Any CPU
		{14CC0188-C1CF-2F88-1ADE-89BC88389600}.Release|x86.Build.0 = Release|Any CPU
		{601F34F3-D4EF-41E5-9CDF-1D77443EA3ED}.Debug|Any CPU.ActiveCfg = Debug|Any CPU
		{601F34F3-D4EF-41E5-9CDF-1D77443EA3ED}.Debug|Any CPU.Build.0 = Debug|Any CPU
		{601F34F3-D4EF-41E5-9CDF-1D77443EA3ED}.Debug|ARM64.ActiveCfg = Debug|Any CPU
		{601F34F3-D4EF-41E5-9CDF-1D77443EA3ED}.Debug|ARM64.Build.0 = Debug|Any CPU
		{601F34F3-D4EF-41E5-9CDF-1D77443EA3ED}.Debug|x64.ActiveCfg = Debug|Any CPU
		{601F34F3-D4EF-41E5-9CDF-1D77443EA3ED}.Debug|x64.Build.0 = Debug|Any CPU
		{601F34F3-D4EF-41E5-9CDF-1D77443EA3ED}.Debug|x86.ActiveCfg = Debug|Any CPU
		{601F34F3-D4EF-41E5-9CDF-1D77443EA3ED}.Debug|x86.Build.0 = Debug|Any CPU
		{601F34F3-D4EF-41E5-9CDF-1D77443EA3ED}.Release|Any CPU.ActiveCfg = Release|Any CPU
		{601F34F3-D4EF-41E5-9CDF-1D77443EA3ED}.Release|Any CPU.Build.0 = Release|Any CPU
		{601F34F3-D4EF-41E5-9CDF-1D77443EA3ED}.Release|ARM64.ActiveCfg = Release|Any CPU
		{601F34F3-D4EF-41E5-9CDF-1D77443EA3ED}.Release|ARM64.Build.0 = Release|Any CPU
		{601F34F3-D4EF-41E5-9CDF-1D77443EA3ED}.Release|x64.ActiveCfg = Release|Any CPU
		{601F34F3-D4EF-41E5-9CDF-1D77443EA3ED}.Release|x64.Build.0 = Release|Any CPU
		{601F34F3-D4EF-41E5-9CDF-1D77443EA3ED}.Release|x86.ActiveCfg = Release|Any CPU
		{601F34F3-D4EF-41E5-9CDF-1D77443EA3ED}.Release|x86.Build.0 = Release|Any CPU
	EndGlobalSection
	GlobalSection(SolutionProperties) = preSolution
		HideSolutionNode = FALSE
	EndGlobalSection
	GlobalSection(NestedProjects) = preSolution
		{601F34F3-D4EF-41E5-9CDF-1D77443EA3ED} = {7E46470A-DE14-085D-F0DF-9D428E2CAD5E}
	EndGlobalSection
	GlobalSection(ExtensibilityGlobals) = postSolution
		SolutionGuid = {74EF7650-5148-46B4-ACF8-C886F3717121}
	EndGlobalSection
EndGlobal
