{
  "version": 1,
  "dependencies": {
    "net9.0": {
      "CommunityToolkit.Mvvm": {
        "type": "Direct",
        "requested": "[8.4.0, )",
        "resolved": "8.4.0",
        "contentHash": "tqVU8yc/ADO9oiTRyTnwhFN68hCwvkliMierptWOudIAvWY1mWCh5VFh+guwHJmpMwfg0J0rY+yyd5Oy7ty9Uw=="
      },
      "Microsoft.AspNetCore.SignalR.Client": {
        "type": "Direct",
        "requested": "[9.0.7, )",
        "resolved": "9.0.7",
        "contentHash": "nKQeLOKEAM9cCcxALRAl2nwFmwWZcsGZh9cVAgUpyJqQ5XOIMoWZwdXu+K6az88bH/wUpzX64ltj8MNJJqTxxA==",
        "dependencies": {
          "Microsoft.AspNetCore.Http.Connections.Client": "9.0.7",
          "Microsoft.AspNetCore.SignalR.Client.Core": "9.0.7"
        }
      },
      "Microsoft.AspNetCore.SignalR.Protocols.Json": {
        "type": "Direct",
        "requested": "[9.0.7, )",
        "resolved": "9.0.7",
        "contentHash": "lVAiUGn8AuMblcKp/OKL1dkISMH0awn/pMNtQ420l+8u9VROSGkJ5/C+FEajgM+1qCsJHbwPslNP6lYGJBo4OQ==",
        "dependencies": {
          "Microsoft.AspNetCore.SignalR.Common": "9.0.7"
        }
      },
      "Microsoft.Extensions.Logging.Abstractions": {
        "type": "Direct",
        "requested": "[9.0.7, )",
        "resolved": "9.0.7",
        "contentHash": "sMM6NEAdUTE/elJ2wqjOi0iBWqZmSyaTByLF9e8XHv6DRJFFnOe0N+s8Uc6C91E4SboQCfLswaBIZ+9ZXA98AA==",
        "dependencies": {
          "Microsoft.Extensions.DependencyInjection.Abstractions": "9.0.7"
        }
      },
      "System.Text.Json": {
        "type": "Direct",
        "requested": "[9.0.7, )",
        "resolved": "9.0.7",
        "contentHash": "u/lN2FEEXs3ghj2ta8tWA4r2MS9Yni07K7jDmnz8h1UPDf0lIIIEMkWx383Zz4fJjJio7gDl+00RYuQ/7R8ZQw=="
      },
      "Microsoft.AspNetCore.Connections.Abstractions": {
        "type": "Transitive",
        "resolved": "9.0.7",
        "contentHash": "D/5amxI2QDtH4M0sll5o9LhlDS5KL6SJgxFYx3WBcSNNn24YZ8aIaJ28B9gHIeFK+8opB9v89BceYu++WuRVTQ==",
        "dependencies": {
          "Microsoft.Extensions.Features": "9.0.7"
        }
      },
      "Microsoft.AspNetCore.Http.Connections.Client": {
        "type": "Transitive",
        "resolved": "9.0.7",
        "contentHash": "uRgdsagHfgVoMuJeJyQYtceOjajmmS4uQd7o5xNIWD06tG4JN3Fab2biF5m7NyjqthmqUvVxpmeRT1kg6Ggi0A==",
        "dependencies": {
          "Microsoft.AspNetCore.Http.Connections.Common": "9.0.7",
          "Microsoft.Extensions.Logging.Abstractions": "9.0.7",
          "Microsoft.Extensions.Options": "9.0.7",
          "System.Net.ServerSentEvents": "9.0.7"
        }
      },
      "Microsoft.AspNetCore.Http.Connections.Common": {
        "type": "Transitive",
        "resolved": "9.0.7",
        "contentHash": "BFePLV1cK5KPTT3HVM9lx78EVRzRfYOfKuO4bf98RyO56cxwEgbOT1LoSUKtmwVZwHQ7BmBl6vHDOSCYEl2LKw==",
        "dependencies": {
          "Microsoft.AspNetCore.Connections.Abstractions": "9.0.7"
        }
      },
      "Microsoft.AspNetCore.SignalR.Client.Core": {
        "type": "Transitive",
        "resolved": "9.0.7",
        "contentHash": "P8G3bq7aLT8eXRKS5ojI7zQUTh/buVQHZSjnJSGJJ06pFWs4dGWOHSlDkfUlJP90asKsiKMUqfmqgzFcSaVbGA==",
        "dependencies": {
          "Microsoft.AspNetCore.SignalR.Common": "9.0.7",
          "Microsoft.AspNetCore.SignalR.Protocols.Json": "9.0.7",
          "Microsoft.Extensions.DependencyInjection": "9.0.7",
          "Microsoft.Extensions.Logging": "9.0.7",
          "System.Threading.Channels": "9.0.7"
        }
      },
      "Microsoft.AspNetCore.SignalR.Common": {
        "type": "Transitive",
        "resolved": "9.0.7",
        "contentHash": "3VDOgFVkvPH/J6YIV/JPPTojA+zNNGyOZfH+nFqEDqc6kXWHEamrddlIeH0+u31rRa9Ie5CRoe6mLQndJjdRyQ==",
        "dependencies": {
          "Microsoft.AspNetCore.Connections.Abstractions": "9.0.7",
          "Microsoft.Extensions.Options": "9.0.7"
        }
      },
      "Microsoft.Extensions.DependencyInjection": {
        "type": "Transitive",
        "resolved": "9.0.7",
        "contentHash": "i05AYA91vgq0as84ROVCyltD2gnxaba/f1Qw2rG7mUsS0gv8cPTr1Gm7jPQHq7JTr4MJoQUcanLVs16tIOUJaQ==",
        "dependencies": {
          "Microsoft.Extensions.DependencyInjection.Abstractions": "9.0.7"
        }
      },
      "Microsoft.Extensions.DependencyInjection.Abstractions": {
        "type": "Transitive",
        "resolved": "9.0.7",
        "contentHash": "iPK1FxbGFr2Xb+4Y+dTYI8Gupu9pOi8I3JPuPsrogUmEhe2hzZ9LpCmolMEBhVDo2ikcSr7G5zYiwaapHSQTew=="
      },
      "Microsoft.Extensions.Features": {
        "type": "Transitive",
        "resolved": "9.0.7",
        "contentHash": "6aCgOvUEoeuWvQIx5Wb0qYM7ZG9X3te2beHu85jvdW0eDTAw8NO9+zaaQ7aBDF6KvwQAAa/37mjDcJY3LI24Yw=="
      },
      "Microsoft.Extensions.Logging": {
        "type": "Transitive",
        "resolved": "9.0.7",
        "contentHash": "fdIeQpXYV8yxSWG03cCbU2Otdrq4NWuhnQLXokWLv3L9YcK055E7u8WFJvP+uuP4CFeCEoqZQL4yPcjuXhCZrg==",
        "dependencies": {
          "Microsoft.Extensions.DependencyInjection": "9.0.7",
          "Microsoft.Extensions.Logging.Abstractions": "9.0.7",
          "Microsoft.Extensions.Options": "9.0.7"
        }
      },
      "Microsoft.Extensions.Options": {
        "type": "Transitive",
        "resolved": "9.0.7",
        "contentHash": "trJnF6cRWgR5uMmHpGoHmM1wOVFdIYlELlkO9zX+RfieK0321Y55zrcs4AaEymKup7dxgEN/uJU25CAcMNQRXw==",
        "dependencies": {
          "Microsoft.Extensions.DependencyInjection.Abstractions": "9.0.7",
          "Microsoft.Extensions.Primitives": "9.0.7"
        }
      },
      "Microsoft.Extensions.Primitives": {
        "type": "Transitive",
        "resolved": "9.0.7",
        "contentHash": "ti/zD9BuuO50IqlvhWQs9GHxkCmoph5BHjGiWKdg2t6Or8XoyAfRJiKag+uvd/fpASnNklfsB01WpZ4fhAe0VQ=="
      },
      "System.Net.ServerSentEvents": {
        "type": "Transitive",
        "resolved": "9.0.7",
        "contentHash": "fxRm3q7UWh7fibsd2a2NOcv9w1G6Z/YxYSu4+qiRH8wRXtIbn+3nNMs2J+pdCoCC9C3pDUTQYgwob6BiYb6V9w=="
      },
      "System.Threading.Channels": {
        "type": "Transitive",
        "resolved": "9.0.7",
        "contentHash": "mkUpBpVVhSGJC45HXrA1BcDEwOsIG54kRmVMOYbdY+iXVBrYBu/awDAApXi6v/vrwx6TaF6cfg/yi7IRrV4eRQ=="
      }
    }
  }
}